
Microsoft Visual Studio Solution File, Format Version 12.00
# Visual Studio 15
VisualStudioVersion = 15.0.27703.2018
MinimumVisualStudioVersion = 10.0.40219.1
Project("{FAE04EC0-301F-11D3-BF4B-00C04F79EFBC}") = "Cinema.Core", "Cinema.Core\Cinema.Core.csproj", "{C88E5327-76A2-4B3E-B9FC-2D2245A05152}"
EndProject
Project("{FAE04EC0-301F-11D3-BF4B-00C04F79EFBC}") = "Cinema.Infrastructure", "Cinema.Infrastructure\Cinema.Infrastructure.csproj", "{838BE36F-E4BE-4F01-8BFD-843F9CB66BF5}"
EndProject
Project("{FAE04EC0-301F-11D3-BF4B-00C04F79EFBC}") = "Cinema.Infrastructure.Test", "Cinema.Test\Cinema.Infrastructure.Test.csproj", "{2D479819-54B9-4DB6-B4CD-855FB903584C}"
EndProject
Project("{FAE04EC0-301F-11D3-BF4B-00C04F79EFBC}") = "Cinema.gui", "Cinema.gui\Cinema.gui.csproj", "{12A09CC0-B8F6-43DF-A9F2-58BC6B1F17A1}"
EndProject
Project("{FAE04EC0-301F-11D3-BF4B-00C04F79EFBC}") = "Cinema.Api", "Cinema.Api\Cinema.Api.csproj", "{9830D4EB-32EE-4FE5-B8D2-730D762895F1}"
EndProject
Global
	GlobalSection(SolutionConfigurationPlatforms) = preSolution
		Debug|Any CPU = Debug|Any CPU
		Debug|ARM = Debug|ARM
		Debug|ARM64 = Debug|ARM64
		Debug|x64 = Debug|x64
		Debug|x86 = Debug|x86
		Release|Any CPU = Release|Any CPU
		Release|ARM = Release|ARM
		Release|ARM64 = Release|ARM64
		Release|x64 = Release|x64
		Release|x86 = Release|x86
	EndGlobalSection
	GlobalSection(ProjectConfigurationPlatforms) = postSolution
		{C88E5327-76A2-4B3E-B9FC-2D2245A05152}.Debug|Any CPU.ActiveCfg = Debug|Any CPU
		{C88E5327-76A2-4B3E-B9FC-2D2245A05152}.Debug|Any CPU.Build.0 = Debug|Any CPU
		{C88E5327-76A2-4B3E-B9FC-2D2245A05152}.Debug|ARM.ActiveCfg = Debug|Any CPU
		{C88E5327-76A2-4B3E-B9FC-2D2245A05152}.Debug|ARM.Build.0 = Debug|Any CPU
		{C88E5327-76A2-4B3E-B9FC-2D2245A05152}.Debug|ARM64.ActiveCfg = Debug|Any CPU
		{C88E5327-76A2-4B3E-B9FC-2D2245A05152}.Debug|ARM64.Build.0 = Debug|Any CPU
		{C88E5327-76A2-4B3E-B9FC-2D2245A05152}.Debug|x64.ActiveCfg = Debug|Any CPU
		{C88E5327-76A2-4B3E-B9FC-2D2245A05152}.Debug|x64.Build.0 = Debug|Any CPU
		{C88E5327-76A2-4B3E-B9FC-2D2245A05152}.Debug|x86.ActiveCfg = Debug|Any CPU
		{C88E5327-76A2-4B3E-B9FC-2D2245A05152}.Debug|x86.Build.0 = Debug|Any CPU
		{C88E5327-76A2-4B3E-B9FC-2D2245A05152}.Release|Any CPU.ActiveCfg = Release|Any CPU
		{C88E5327-76A2-4B3E-B9FC-2D2245A05152}.Release|Any CPU.Build.0 = Release|Any CPU
		{C88E5327-76A2-4B3E-B9FC-2D2245A05152}.Release|ARM.ActiveCfg = Release|Any CPU
		{C88E5327-76A2-4B3E-B9FC-2D2245A05152}.Release|ARM.Build.0 = Release|Any CPU
		{C88E5327-76A2-4B3E-B9FC-2D2245A05152}.Release|ARM64.ActiveCfg = Release|Any CPU
		{C88E5327-76A2-4B3E-B9FC-2D2245A05152}.Release|ARM64.Build.0 = Release|Any CPU
		{C88E5327-76A2-4B3E-B9FC-2D2245A05152}.Release|x64.ActiveCfg = Release|Any CPU
		{C88E5327-76A2-4B3E-B9FC-2D2245A05152}.Release|x64.Build.0 = Release|Any CPU
		{C88E5327-76A2-4B3E-B9FC-2D2245A05152}.Release|x86.ActiveCfg = Release|Any CPU
		{C88E5327-76A2-4B3E-B9FC-2D2245A05152}.Release|x86.Build.0 = Release|Any CPU
		{838BE36F-E4BE-4F01-8BFD-843F9CB66BF5}.Debug|Any CPU.ActiveCfg = Debug|Any CPU
		{838BE36F-E4BE-4F01-8BFD-843F9CB66BF5}.Debug|Any CPU.Build.0 = Debug|Any CPU
		{838BE36F-E4BE-4F01-8BFD-843F9CB66BF5}.Debug|ARM.ActiveCfg = Debug|Any CPU
		{838BE36F-E4BE-4F01-8BFD-843F9CB66BF5}.Debug|ARM.Build.0 = Debug|Any CPU
		{838BE36F-E4BE-4F01-8BFD-843F9CB66BF5}.Debug|ARM64.ActiveCfg = Debug|Any CPU
		{838BE36F-E4BE-4F01-8BFD-843F9CB66BF5}.Debug|ARM64.Build.0 = Debug|Any CPU
		{838BE36F-E4BE-4F01-8BFD-843F9CB66BF5}.Debug|x64.ActiveCfg = Debug|Any CPU
		{838BE36F-E4BE-4F01-8BFD-843F9CB66BF5}.Debug|x64.Build.0 = Debug|Any CPU
		{838BE36F-E4BE-4F01-8BFD-843F9CB66BF5}.Debug|x86.ActiveCfg = Debug|Any CPU
		{838BE36F-E4BE-4F01-8BFD-843F9CB66BF5}.Debug|x86.Build.0 = Debug|Any CPU
		{838BE36F-E4BE-4F01-8BFD-843F9CB66BF5}.Release|Any CPU.ActiveCfg = Release|Any CPU
		{838BE36F-E4BE-4F01-8BFD-843F9CB66BF5}.Release|Any CPU.Build.0 = Release|Any CPU
		{838BE36F-E4BE-4F01-8BFD-843F9CB66BF5}.Release|ARM.ActiveCfg = Release|Any CPU
		{838BE36F-E4BE-4F01-8BFD-843F9CB66BF5}.Release|ARM.Build.0 = Release|Any CPU
		{838BE36F-E4BE-4F01-8BFD-843F9CB66BF5}.Release|ARM64.ActiveCfg = Release|Any CPU
		{838BE36F-E4BE-4F01-8BFD-843F9CB66BF5}.Release|ARM64.Build.0 = Release|Any CPU
		{838BE36F-E4BE-4F01-8BFD-843F9CB66BF5}.Release|x64.ActiveCfg = Release|Any CPU
		{838BE36F-E4BE-4F01-8BFD-843F9CB66BF5}.Release|x64.Build.0 = Release|Any CPU
		{838BE36F-E4BE-4F01-8BFD-843F9CB66BF5}.Release|x86.ActiveCfg = Release|Any CPU
		{838BE36F-E4BE-4F01-8BFD-843F9CB66BF5}.Release|x86.Build.0 = Release|Any CPU
		{2D479819-54B9-4DB6-B4CD-855FB903584C}.Debug|Any CPU.ActiveCfg = Debug|Any CPU
		{2D479819-54B9-4DB6-B4CD-855FB903584C}.Debug|Any CPU.Build.0 = Debug|Any CPU
		{2D479819-54B9-4DB6-B4CD-855FB903584C}.Debug|ARM.ActiveCfg = Debug|Any CPU
		{2D479819-54B9-4DB6-B4CD-855FB903584C}.Debug|ARM.Build.0 = Debug|Any CPU
		{2D479819-54B9-4DB6-B4CD-855FB903584C}.Debug|ARM64.ActiveCfg = Debug|Any CPU
		{2D479819-54B9-4DB6-B4CD-855FB903584C}.Debug|ARM64.Build.0 = Debug|Any CPU
		{2D479819-54B9-4DB6-B4CD-855FB903584C}.Debug|x64.ActiveCfg = Debug|Any CPU
		{2D479819-54B9-4DB6-B4CD-855FB903584C}.Debug|x64.Build.0 = Debug|Any CPU
		{2D479819-54B9-4DB6-B4CD-855FB903584C}.Debug|x86.ActiveCfg = Debug|Any CPU
		{2D479819-54B9-4DB6-B4CD-855FB903584C}.Debug|x86.Build.0 = Debug|Any CPU
		{2D479819-54B9-4DB6-B4CD-855FB903584C}.Release|Any CPU.ActiveCfg = Release|Any CPU
		{2D479819-54B9-4DB6-B4CD-855FB903584C}.Release|Any CPU.Build.0 = Release|Any CPU
		{2D479819-54B9-4DB6-B4CD-855FB903584C}.Release|ARM.ActiveCfg = Release|Any CPU
		{2D479819-54B9-4DB6-B4CD-855FB903584C}.Release|ARM.Build.0 = Release|Any CPU
		{2D479819-54B9-4DB6-B4CD-855FB903584C}.Release|ARM64.ActiveCfg = Release|Any CPU
		{2D479819-54B9-4DB6-B4CD-855FB903584C}.Release|ARM64.Build.0 = Release|Any CPU
		{2D479819-54B9-4DB6-B4CD-855FB903584C}.Release|x64.ActiveCfg = Release|Any CPU
		{2D479819-54B9-4DB6-B4CD-855FB903584C}.Release|x64.Build.0 = Release|Any CPU
		{2D479819-54B9-4DB6-B4CD-855FB903584C}.Release|x86.ActiveCfg = Release|Any CPU
		{2D479819-54B9-4DB6-B4CD-855FB903584C}.Release|x86.Build.0 = Release|Any CPU
		{12A09CC0-B8F6-43DF-A9F2-58BC6B1F17A1}.Debug|Any CPU.ActiveCfg = Debug|Any CPU
		{12A09CC0-B8F6-43DF-A9F2-58BC6B1F17A1}.Debug|Any CPU.Build.0 = Debug|Any CPU
		{12A09CC0-B8F6-43DF-A9F2-58BC6B1F17A1}.Debug|ARM.ActiveCfg = Debug|Any CPU
		{12A09CC0-B8F6-43DF-A9F2-58BC6B1F17A1}.Debug|ARM.Build.0 = Debug|Any CPU
		{12A09CC0-B8F6-43DF-A9F2-58BC6B1F17A1}.Debug|ARM64.ActiveCfg = Debug|Any CPU
		{12A09CC0-B8F6-43DF-A9F2-58BC6B1F17A1}.Debug|ARM64.Build.0 = Debug|Any CPU
		{12A09CC0-B8F6-43DF-A9F2-58BC6B1F17A1}.Debug|x64.ActiveCfg = Debug|Any CPU
		{12A09CC0-B8F6-43DF-A9F2-58BC6B1F17A1}.Debug|x64.Build.0 = Debug|Any CPU
		{12A09CC0-B8F6-43DF-A9F2-58BC6B1F17A1}.Debug|x86.ActiveCfg = Debug|Any CPU
		{12A09CC0-B8F6-43DF-A9F2-58BC6B1F17A1}.Debug|x86.Build.0 = Debug|Any CPU
		{12A09CC0-B8F6-43DF-A9F2-58BC6B1F17A1}.Release|Any CPU.ActiveCfg = Release|Any CPU
		{12A09CC0-B8F6-43DF-A9F2-58BC6B1F17A1}.Release|Any CPU.Build.0 = Release|Any CPU
		{12A09CC0-B8F6-43DF-A9F2-58BC6B1F17A1}.Release|ARM.ActiveCfg = Release|Any CPU
		{12A09CC0-B8F6-43DF-A9F2-58BC6B1F17A1}.Release|ARM.Build.0 = Release|Any CPU
		{12A09CC0-B8F6-43DF-A9F2-58BC6B1F17A1}.Release|ARM64.ActiveCfg = Release|Any CPU
		{12A09CC0-B8F6-43DF-A9F2-58BC6B1F17A1}.Release|ARM64.Build.0 = Release|Any CPU
		{12A09CC0-B8F6-43DF-A9F2-58BC6B1F17A1}.Release|x64.ActiveCfg = Release|Any CPU
		{12A09CC0-B8F6-43DF-A9F2-58BC6B1F17A1}.Release|x64.Build.0 = Release|Any CPU
		{12A09CC0-B8F6-43DF-A9F2-58BC6B1F17A1}.Release|x86.ActiveCfg = Release|Any CPU
		{12A09CC0-B8F6-43DF-A9F2-58BC6B1F17A1}.Release|x86.Build.0 = Release|Any CPU
		{9830D4EB-32EE-4FE5-B8D2-730D762895F1}.Debug|Any CPU.ActiveCfg = Debug|Any CPU
		{9830D4EB-32EE-4FE5-B8D2-730D762895F1}.Debug|Any CPU.Build.0 = Debug|Any CPU
		{9830D4EB-32EE-4FE5-B8D2-730D762895F1}.Debug|ARM.ActiveCfg = Debug|Any CPU
		{9830D4EB-32EE-4FE5-B8D2-730D762895F1}.Debug|ARM.Build.0 = Debug|Any CPU
		{9830D4EB-32EE-4FE5-B8D2-730D762895F1}.Debug|ARM64.ActiveCfg = Debug|Any CPU
		{9830D4EB-32EE-4FE5-B8D2-730D762895F1}.Debug|ARM64.Build.0 = Debug|Any CPU
		{9830D4EB-32EE-4FE5-B8D2-730D762895F1}.Debug|x64.ActiveCfg = Debug|Any CPU
		{9830D4EB-32EE-4FE5-B8D2-730D762895F1}.Debug|x64.Build.0 = Debug|Any CPU
		{9830D4EB-32EE-4FE5-B8D2-730D762895F1}.Debug|x86.ActiveCfg = Debug|Any CPU
		{9830D4EB-32EE-4FE5-B8D2-730D762895F1}.Debug|x86.Build.0 = Debug|Any CPU
		{9830D4EB-32EE-4FE5-B8D2-730D762895F1}.Release|Any CPU.ActiveCfg = Release|Any CPU
		{9830D4EB-32EE-4FE5-B8D2-730D762895F1}.Release|Any CPU.Build.0 = Release|Any CPU
		{9830D4EB-32EE-4FE5-B8D2-730D762895F1}.Release|ARM.ActiveCfg = Release|Any CPU
		{9830D4EB-32EE-4FE5-B8D2-730D762895F1}.Release|ARM.Build.0 = Release|Any CPU
		{9830D4EB-32EE-4FE5-B8D2-730D762895F1}.Release|ARM64.ActiveCfg = Release|Any CPU
		{9830D4EB-32EE-4FE5-B8D2-730D762895F1}.Release|ARM64.Build.0 = Release|Any CPU
		{9830D4EB-32EE-4FE5-B8D2-730D762895F1}.Release|x64.ActiveCfg = Release|Any CPU
		{9830D4EB-32EE-4FE5-B8D2-730D762895F1}.Release|x64.Build.0 = Release|Any CPU
		{9830D4EB-32EE-4FE5-B8D2-730D762895F1}.Release|x86.ActiveCfg = Release|Any CPU
		{9830D4EB-32EE-4FE5-B8D2-730D762895F1}.Release|x86.Build.0 = Release|Any CPU
	EndGlobalSection
	GlobalSection(SolutionProperties) = preSolution
		HideSolutionNode = FALSE
	EndGlobalSection
	GlobalSection(ExtensibilityGlobals) = postSolution
		SolutionGuid = {C0369018-865A-4360-85FE-E4EB6570B43B}
	EndGlobalSection
EndGlobal
